
Microsoft Visual Studio Solution File, Format Version 12.00
# Visual Studio 14
VisualStudioVersion = 14.0.25420.1
MinimumVisualStudioVersion = 10.0.40219.1
Project("{FAE04EC0-301F-11D3-BF4B-00C04F79EFBC}") = "TypesAndVariables", "TypesAndVariables\TypesAndVariables.csproj", "{ED88C484-4EBA-4333-8C57-63C4B75CDBA1}"
EndProject
Project("{FAE04EC0-301F-11D3-BF4B-00C04F79EFBC}") = "Conditionals", "Conditionals\Conditionals.csproj", "{48E37D80-33ED-46FB-9313-B7A22FC3EB32}"
EndProject
Project("{FAE04EC0-301F-11D3-BF4B-00C04F79EFBC}") = "Methods", "Methods\Methods.csproj", "{1FE8137B-2FDC-42BC-8F2E-C7F2C65C5E18}"
EndProject
Project("{FAE04EC0-301F-11D3-BF4B-00C04F79EFBC}") = "Arrays", "Arrays\Arrays.csproj", "{E32D2197-116E-47FE-9625-778DEE513C97}"
EndProject
Project("{FAE04EC0-301F-11D3-BF4B-00C04F79EFBC}") = "Loops", "Loops\Loops.csproj", "{82F1DF64-E719-47BF-963B-BA7164113989}"
EndProject
Project("{FAE04EC0-301F-11D3-BF4B-00C04F79EFBC}") = "Strings", "Strings\Strings.csproj", "{178BD5CA-998E-4261-BDEB-10FAD7189450}"
EndProject
Project("{FAE04EC0-301F-11D3-BF4B-00C04F79EFBC}") = "Classes", "Classes\Classes.csproj", "{D29F7740-B64A-4369-B30C-AE64AB711D5F}"
EndProject
Project("{FAE04EC0-301F-11D3-BF4B-00C04F79EFBC}") = "Recap Demo-Dama", "Recap Demo-Dama\Recap Demo-Dama.csproj", "{A95A2B57-9498-4E39-8668-90FFB748AB1D}"
EndProject
Project("{FAE04EC0-301F-11D3-BF4B-00C04F79EFBC}") = "Interfaces", "Interfaces\Interfaces.csproj", "{4E2C8D3F-1510-48CF-878E-9267B3F6C9D6}"
EndProject
Project("{FAE04EC0-301F-11D3-BF4B-00C04F79EFBC}") = "InterfaceDemo", "InterfaceDemo\InterfaceDemo.csproj", "{3FA0BA68-0829-4F8C-B2A2-F006F0E064FA}"
EndProject
Project("{FAE04EC0-301F-11D3-BF4B-00C04F79EFBC}") = "Inheritance", "Inheritance\Inheritance.csproj", "{89A8A429-753E-4B00-9895-9C54E22952BC}"
EndProject
Project("{FAE04EC0-301F-11D3-BF4B-00C04F79EFBC}") = "VirtualMethods", "VirtualMethods\VirtualMethods.csproj", "{8D86769F-5E2E-471E-B96D-ED11D728A406}"
EndProject
Project("{FAE04EC0-301F-11D3-BF4B-00C04F79EFBC}") = "Abstracts", "Abstracts\Abstracts.csproj", "{44681105-8E43-4138-B180-D46D0AA673C2}"
EndProject
Project("{FAE04EC0-301F-11D3-BF4B-00C04F79EFBC}") = "Recap Demo 2", "Recap Demo 2\Recap Demo 2.csproj", "{7C1384BF-A719-4FF9-AA5D-6B9249F46410}"
EndProject
Project("{FAE04EC0-301F-11D3-BF4B-00C04F79EFBC}") = "AccessModifiers", "AccessModifiers\AccessModifiers.csproj", "{DF4CC32E-DEE4-4AC7-9333-820DC00A1647}"
EndProject
Project("{FAE04EC0-301F-11D3-BF4B-00C04F79EFBC}") = "AccessModifierDemo", "AccessModifierDemo\AccessModifierDemo.csproj", "{841D4AFD-093A-44C0-A612-76B18045AA5A}"
EndProject
Project("{FAE04EC0-301F-11D3-BF4B-00C04F79EFBC}") = "Constructors", "Constructors\Constructors.csproj", "{F5504855-BEA6-4868-8AD3-05031670CE0A}"
EndProject
Project("{FAE04EC0-301F-11D3-BF4B-00C04F79EFBC}") = "ReferenceAndValueType", "ReferenceAndValueType\ReferenceAndValueType.csproj", "{20573676-3C31-46EF-973A-B197630531CE}"
EndProject
Project("{FAE04EC0-301F-11D3-BF4B-00C04F79EFBC}") = "Collections", "Collections\Collections.csproj", "{F609B5A2-E4D1-4F63-B24E-FD9B996CD92C}"
EndProject
Project("{FAE04EC0-301F-11D3-BF4B-00C04F79EFBC}") = "Exceptions", "Exceptions\Exceptions.csproj", "{39B7037F-B0FD-4222-8761-0A97192FF185}"
EndProject
Project("{FAE04EC0-301F-11D3-BF4B-00C04F79EFBC}") = "AdoNetDemo", "AdoNetDemo\AdoNetDemo.csproj", "{BCAC0688-B8D5-4802-9CF3-8B8C7F5A1AC8}"
EndProject
Project("{FAE04EC0-301F-11D3-BF4B-00C04F79EFBC}") = "EntityFrameworkDemo", "EntityFrameworkDemo\EntityFrameworkDemo.csproj", "{A5BBFF89-0812-4C98-AEB2-940CF2C8EEE9}"
EndProject
Project("{FAE04EC0-301F-11D3-BF4B-00C04F79EFBC}") = "Generics", "Generics\Generics.csproj", "{B3B86459-FBF4-42AC-89CE-3C7E078142FD}"
EndProject
Project("{FAE04EC0-301F-11D3-BF4B-00C04F79EFBC}") = "Attributes", "Attributes\Attributes.csproj", "{0F464814-6D04-406E-8E4A-E49A3E28E230}"
EndProject
Project("{FAE04EC0-301F-11D3-BF4B-00C04F79EFBC}") = "Reflection", "Reflection\Reflection.csproj", "{4CA5A2F2-49E7-43B0-9CAD-7885DFFF7014}"
EndProject
Project("{FAE04EC0-301F-11D3-BF4B-00C04F79EFBC}") = "Delegates", "Delegates\Delegates.csproj", "{1A1C3E6E-09EE-4123-B7F7-0FA3E23338CF}"
EndProject
Project("{FAE04EC0-301F-11D3-BF4B-00C04F79EFBC}") = "Events", "Events\Events.csproj", "{8F3D80A2-B22E-4F1D-95F2-E9239CE3ECC1}"
EndProject
Project("{FAE04EC0-301F-11D3-BF4B-00C04F79EFBC}") = "Recap Demo 3", "Recap Demo 3\Recap Demo 3.csproj", "{5F7CBB89-C73A-4844-B94E-428A67E23DEB}"
EndProject
Global
	GlobalSection(SolutionConfigurationPlatforms) = preSolution
		Debug|Any CPU = Debug|Any CPU
		Release|Any CPU = Release|Any CPU
	EndGlobalSection
	GlobalSection(ProjectConfigurationPlatforms) = postSolution
		{ED88C484-4EBA-4333-8C57-63C4B75CDBA1}.Debug|Any CPU.ActiveCfg = Debug|Any CPU
		{ED88C484-4EBA-4333-8C57-63C4B75CDBA1}.Debug|Any CPU.Build.0 = Debug|Any CPU
		{ED88C484-4EBA-4333-8C57-63C4B75CDBA1}.Release|Any CPU.ActiveCfg = Release|Any CPU
		{ED88C484-4EBA-4333-8C57-63C4B75CDBA1}.Release|Any CPU.Build.0 = Release|Any CPU
		{48E37D80-33ED-46FB-9313-B7A22FC3EB32}.Debug|Any CPU.ActiveCfg = Debug|Any CPU
		{48E37D80-33ED-46FB-9313-B7A22FC3EB32}.Debug|Any CPU.Build.0 = Debug|Any CPU
		{48E37D80-33ED-46FB-9313-B7A22FC3EB32}.Release|Any CPU.ActiveCfg = Release|Any CPU
		{48E37D80-33ED-46FB-9313-B7A22FC3EB32}.Release|Any CPU.Build.0 = Release|Any CPU
		{1FE8137B-2FDC-42BC-8F2E-C7F2C65C5E18}.Debug|Any CPU.ActiveCfg = Debug|Any CPU
		{1FE8137B-2FDC-42BC-8F2E-C7F2C65C5E18}.Debug|Any CPU.Build.0 = Debug|Any CPU
		{1FE8137B-2FDC-42BC-8F2E-C7F2C65C5E18}.Release|Any CPU.ActiveCfg = Release|Any CPU
		{1FE8137B-2FDC-42BC-8F2E-C7F2C65C5E18}.Release|Any CPU.Build.0 = Release|Any CPU
		{E32D2197-116E-47FE-9625-778DEE513C97}.Debug|Any CPU.ActiveCfg = Debug|Any CPU
		{E32D2197-116E-47FE-9625-778DEE513C97}.Debug|Any CPU.Build.0 = Debug|Any CPU
		{E32D2197-116E-47FE-9625-778DEE513C97}.Release|Any CPU.ActiveCfg = Release|Any CPU
		{E32D2197-116E-47FE-9625-778DEE513C97}.Release|Any CPU.Build.0 = Release|Any CPU
		{82F1DF64-E719-47BF-963B-BA7164113989}.Debug|Any CPU.ActiveCfg = Debug|Any CPU
		{82F1DF64-E719-47BF-963B-BA7164113989}.Debug|Any CPU.Build.0 = Debug|Any CPU
		{82F1DF64-E719-47BF-963B-BA7164113989}.Release|Any CPU.ActiveCfg = Release|Any CPU
		{82F1DF64-E719-47BF-963B-BA7164113989}.Release|Any CPU.Build.0 = Release|Any CPU
		{178BD5CA-998E-4261-BDEB-10FAD7189450}.Debug|Any CPU.ActiveCfg = Debug|Any CPU
		{178BD5CA-998E-4261-BDEB-10FAD7189450}.Debug|Any CPU.Build.0 = Debug|Any CPU
		{178BD5CA-998E-4261-BDEB-10FAD7189450}.Release|Any CPU.ActiveCfg = Release|Any CPU
		{178BD5CA-998E-4261-BDEB-10FAD7189450}.Release|Any CPU.Build.0 = Release|Any CPU
		{D29F7740-B64A-4369-B30C-AE64AB711D5F}.Debug|Any CPU.ActiveCfg = Debug|Any CPU
		{D29F7740-B64A-4369-B30C-AE64AB711D5F}.Debug|Any CPU.Build.0 = Debug|Any CPU
		{D29F7740-B64A-4369-B30C-AE64AB711D5F}.Release|Any CPU.ActiveCfg = Release|Any CPU
		{D29F7740-B64A-4369-B30C-AE64AB711D5F}.Release|Any CPU.Build.0 = Release|Any CPU
		{A95A2B57-9498-4E39-8668-90FFB748AB1D}.Debug|Any CPU.ActiveCfg = Debug|Any CPU
		{A95A2B57-9498-4E39-8668-90FFB748AB1D}.Debug|Any CPU.Build.0 = Debug|Any CPU
		{A95A2B57-9498-4E39-8668-90FFB748AB1D}.Release|Any CPU.ActiveCfg = Release|Any CPU
		{A95A2B57-9498-4E39-8668-90FFB748AB1D}.Release|Any CPU.Build.0 = Release|Any CPU
		{4E2C8D3F-1510-48CF-878E-9267B3F6C9D6}.Debug|Any CPU.ActiveCfg = Debug|Any CPU
		{4E2C8D3F-1510-48CF-878E-9267B3F6C9D6}.Debug|Any CPU.Build.0 = Debug|Any CPU
		{4E2C8D3F-1510-48CF-878E-9267B3F6C9D6}.Release|Any CPU.ActiveCfg = Release|Any CPU
		{4E2C8D3F-1510-48CF-878E-9267B3F6C9D6}.Release|Any CPU.Build.0 = Release|Any CPU
		{3FA0BA68-0829-4F8C-B2A2-F006F0E064FA}.Debug|Any CPU.ActiveCfg = Debug|Any CPU
		{3FA0BA68-0829-4F8C-B2A2-F006F0E064FA}.Debug|Any CPU.Build.0 = Debug|Any CPU
		{3FA0BA68-0829-4F8C-B2A2-F006F0E064FA}.Release|Any CPU.ActiveCfg = Release|Any CPU
		{3FA0BA68-0829-4F8C-B2A2-F006F0E064FA}.Release|Any CPU.Build.0 = Release|Any CPU
		{89A8A429-753E-4B00-9895-9C54E22952BC}.Debug|Any CPU.ActiveCfg = Debug|Any CPU
		{89A8A429-753E-4B00-9895-9C54E22952BC}.Debug|Any CPU.Build.0 = Debug|Any CPU
		{89A8A429-753E-4B00-9895-9C54E22952BC}.Release|Any CPU.ActiveCfg = Release|Any CPU
		{89A8A429-753E-4B00-9895-9C54E22952BC}.Release|Any CPU.Build.0 = Release|Any CPU
		{8D86769F-5E2E-471E-B96D-ED11D728A406}.Debug|Any CPU.ActiveCfg = Debug|Any CPU
		{8D86769F-5E2E-471E-B96D-ED11D728A406}.Debug|Any CPU.Build.0 = Debug|Any CPU
		{8D86769F-5E2E-471E-B96D-ED11D728A406}.Release|Any CPU.ActiveCfg = Release|Any CPU
		{8D86769F-5E2E-471E-B96D-ED11D728A406}.Release|Any CPU.Build.0 = Release|Any CPU
		{44681105-8E43-4138-B180-D46D0AA673C2}.Debug|Any CPU.ActiveCfg = Debug|Any CPU
		{44681105-8E43-4138-B180-D46D0AA673C2}.Debug|Any CPU.Build.0 = Debug|Any CPU
		{44681105-8E43-4138-B180-D46D0AA673C2}.Release|Any CPU.ActiveCfg = Release|Any CPU
		{44681105-8E43-4138-B180-D46D0AA673C2}.Release|Any CPU.Build.0 = Release|Any CPU
		{7C1384BF-A719-4FF9-AA5D-6B9249F46410}.Debug|Any CPU.ActiveCfg = Debug|Any CPU
		{7C1384BF-A719-4FF9-AA5D-6B9249F46410}.Debug|Any CPU.Build.0 = Debug|Any CPU
		{7C1384BF-A719-4FF9-AA5D-6B9249F46410}.Release|Any CPU.ActiveCfg = Release|Any CPU
		{7C1384BF-A719-4FF9-AA5D-6B9249F46410}.Release|Any CPU.Build.0 = Release|Any CPU
		{DF4CC32E-DEE4-4AC7-9333-820DC00A1647}.Debug|Any CPU.ActiveCfg = Debug|Any CPU
		{DF4CC32E-DEE4-4AC7-9333-820DC00A1647}.Debug|Any CPU.Build.0 = Debug|Any CPU
		{DF4CC32E-DEE4-4AC7-9333-820DC00A1647}.Release|Any CPU.ActiveCfg = Release|Any CPU
		{DF4CC32E-DEE4-4AC7-9333-820DC00A1647}.Release|Any CPU.Build.0 = Release|Any CPU
		{841D4AFD-093A-44C0-A612-76B18045AA5A}.Debug|Any CPU.ActiveCfg = Debug|Any CPU
		{841D4AFD-093A-44C0-A612-76B18045AA5A}.Debug|Any CPU.Build.0 = Debug|Any CPU
		{841D4AFD-093A-44C0-A612-76B18045AA5A}.Release|Any CPU.ActiveCfg = Release|Any CPU
		{841D4AFD-093A-44C0-A612-76B18045AA5A}.Release|Any CPU.Build.0 = Release|Any CPU
		{F5504855-BEA6-4868-8AD3-05031670CE0A}.Debug|Any CPU.ActiveCfg = Debug|Any CPU
		{F5504855-BEA6-4868-8AD3-05031670CE0A}.Debug|Any CPU.Build.0 = Debug|Any CPU
		{F5504855-BEA6-4868-8AD3-05031670CE0A}.Release|Any CPU.ActiveCfg = Release|Any CPU
		{F5504855-BEA6-4868-8AD3-05031670CE0A}.Release|Any CPU.Build.0 = Release|Any CPU
		{20573676-3C31-46EF-973A-B197630531CE}.Debug|Any CPU.ActiveCfg = Debug|Any CPU
		{20573676-3C31-46EF-973A-B197630531CE}.Debug|Any CPU.Build.0 = Debug|Any CPU
		{20573676-3C31-46EF-973A-B197630531CE}.Release|Any CPU.ActiveCfg = Release|Any CPU
		{20573676-3C31-46EF-973A-B197630531CE}.Release|Any CPU.Build.0 = Release|Any CPU
		{F609B5A2-E4D1-4F63-B24E-FD9B996CD92C}.Debug|Any CPU.ActiveCfg = Debug|Any CPU
		{F609B5A2-E4D1-4F63-B24E-FD9B996CD92C}.Debug|Any CPU.Build.0 = Debug|Any CPU
		{F609B5A2-E4D1-4F63-B24E-FD9B996CD92C}.Release|Any CPU.ActiveCfg = Release|Any CPU
		{F609B5A2-E4D1-4F63-B24E-FD9B996CD92C}.Release|Any CPU.Build.0 = Release|Any CPU
		{39B7037F-B0FD-4222-8761-0A97192FF185}.Debug|Any CPU.ActiveCfg = Debug|Any CPU
		{39B7037F-B0FD-4222-8761-0A97192FF185}.Debug|Any CPU.Build.0 = Debug|Any CPU
		{39B7037F-B0FD-4222-8761-0A97192FF185}.Release|Any CPU.ActiveCfg = Release|Any CPU
		{39B7037F-B0FD-4222-8761-0A97192FF185}.Release|Any CPU.Build.0 = Release|Any CPU
		{BCAC0688-B8D5-4802-9CF3-8B8C7F5A1AC8}.Debug|Any CPU.ActiveCfg = Debug|Any CPU
		{BCAC0688-B8D5-4802-9CF3-8B8C7F5A1AC8}.Debug|Any CPU.Build.0 = Debug|Any CPU
		{BCAC0688-B8D5-4802-9CF3-8B8C7F5A1AC8}.Release|Any CPU.ActiveCfg = Release|Any CPU
		{BCAC0688-B8D5-4802-9CF3-8B8C7F5A1AC8}.Release|Any CPU.Build.0 = Release|Any CPU
		{A5BBFF89-0812-4C98-AEB2-940CF2C8EEE9}.Debug|Any CPU.ActiveCfg = Debug|Any CPU
		{A5BBFF89-0812-4C98-AEB2-940CF2C8EEE9}.Debug|Any CPU.Build.0 = Debug|Any CPU
		{A5BBFF89-0812-4C98-AEB2-940CF2C8EEE9}.Release|Any CPU.ActiveCfg = Release|Any CPU
		{A5BBFF89-0812-4C98-AEB2-940CF2C8EEE9}.Release|Any CPU.Build.0 = Release|Any CPU
		{B3B86459-FBF4-42AC-89CE-3C7E078142FD}.Debug|Any CPU.ActiveCfg = Debug|Any CPU
		{B3B86459-FBF4-42AC-89CE-3C7E078142FD}.Debug|Any CPU.Build.0 = Debug|Any CPU
		{B3B86459-FBF4-42AC-89CE-3C7E078142FD}.Release|Any CPU.ActiveCfg = Release|Any CPU
		{B3B86459-FBF4-42AC-89CE-3C7E078142FD}.Release|Any CPU.Build.0 = Release|Any CPU
		{0F464814-6D04-406E-8E4A-E49A3E28E230}.Debug|Any CPU.ActiveCfg = Debug|Any CPU
		{0F464814-6D04-406E-8E4A-E49A3E28E230}.Debug|Any CPU.Build.0 = Debug|Any CPU
		{0F464814-6D04-406E-8E4A-E49A3E28E230}.Release|Any CPU.ActiveCfg = Release|Any CPU
		{0F464814-6D04-406E-8E4A-E49A3E28E230}.Release|Any CPU.Build.0 = Release|Any CPU
		{4CA5A2F2-49E7-43B0-9CAD-7885DFFF7014}.Debug|Any CPU.ActiveCfg = Debug|Any CPU
		{4CA5A2F2-49E7-43B0-9CAD-7885DFFF7014}.Debug|Any CPU.Build.0 = Debug|Any CPU
		{4CA5A2F2-49E7-43B0-9CAD-7885DFFF7014}.Release|Any CPU.ActiveCfg = Release|Any CPU
		{4CA5A2F2-49E7-43B0-9CAD-7885DFFF7014}.Release|Any CPU.Build.0 = Release|Any CPU
		{1A1C3E6E-09EE-4123-B7F7-0FA3E23338CF}.Debug|Any CPU.ActiveCfg = Debug|Any CPU
		{1A1C3E6E-09EE-4123-B7F7-0FA3E23338CF}.Debug|Any CPU.Build.0 = Debug|Any CPU
		{1A1C3E6E-09EE-4123-B7F7-0FA3E23338CF}.Release|Any CPU.ActiveCfg = Release|Any CPU
		{1A1C3E6E-09EE-4123-B7F7-0FA3E23338CF}.Release|Any CPU.Build.0 = Release|Any CPU
		{8F3D80A2-B22E-4F1D-95F2-E9239CE3ECC1}.Debug|Any CPU.ActiveCfg = Debug|Any CPU
		{8F3D80A2-B22E-4F1D-95F2-E9239CE3ECC1}.Debug|Any CPU.Build.0 = Debug|Any CPU
		{8F3D80A2-B22E-4F1D-95F2-E9239CE3ECC1}.Release|Any CPU.ActiveCfg = Release|Any CPU
		{8F3D80A2-B22E-4F1D-95F2-E9239CE3ECC1}.Release|Any CPU.Build.0 = Release|Any CPU
		{5F7CBB89-C73A-4844-B94E-428A67E23DEB}.Debug|Any CPU.ActiveCfg = Debug|Any CPU
		{5F7CBB89-C73A-4844-B94E-428A67E23DEB}.Debug|Any CPU.Build.0 = Debug|Any CPU
		{5F7CBB89-C73A-4844-B94E-428A67E23DEB}.Release|Any CPU.ActiveCfg = Release|Any CPU
		{5F7CBB89-C73A-4844-B94E-428A67E23DEB}.Release|Any CPU.Build.0 = Release|Any CPU
	EndGlobalSection
	GlobalSection(SolutionProperties) = preSolution
		HideSolutionNode = FALSE
	EndGlobalSection
	GlobalSection(ExtensibilityGlobals) = postSolution
		SolutionGuid = {398D4481-DD24-4607-8CA1-EE0F0EBBC705}
	EndGlobalSection
EndGlobal
